// !$*UTF8*$!
{
	archiveVersion = 1;
	classes = {
	};
	objectVersion = 56;
	objects = {

/* Begin PBXBuildFile section */
		74AA63D92B50754D007AEFA3 /* TranslatedWord.swift in Sources */ = {isa = PBXBuildFile; fileRef = 74AA63D82B50754D007AEFA3 /* TranslatedWord.swift */; };
		74AA63DB2B50778B007AEFA3 /* DirectoryService.swift in Sources */ = {isa = PBXBuildFile; fileRef = 74AA63DA2B50778B007AEFA3 /* DirectoryService.swift */; };
		74AA63DD2B507797007AEFA3 /* Saving.swift in Sources */ = {isa = PBXBuildFile; fileRef = 74AA63DC2B507797007AEFA3 /* Saving.swift */; };
		74CC55A52B5036760064501A /* UkranianToEnglishApp.swift in Sources */ = {isa = PBXBuildFile; fileRef = 74CC55A42B5036760064501A /* UkranianToEnglishApp.swift */; };
		74CC55A72B5036760064501A /* ContentView.swift in Sources */ = {isa = PBXBuildFile; fileRef = 74CC55A62B5036760064501A /* ContentView.swift */; };
		74CC55A92B5036780064501A /* Assets.xcassets in Resources */ = {isa = PBXBuildFile; fileRef = 74CC55A82B5036780064501A /* Assets.xcassets */; };
		74CC55AC2B5036780064501A /* Preview Assets.xcassets in Resources */ = {isa = PBXBuildFile; fileRef = 74CC55AB2B5036780064501A /* Preview Assets.xcassets */; };
		74CC55B32B5038B30064501A /* TranslationService.swift in Sources */ = {isa = PBXBuildFile; fileRef = 74CC55B22B5038B30064501A /* TranslationService.swift */; };
		8CFA25C31843284CBAD18F1C /* libPods-EnglishToUkranian.a in Frameworks */ = {isa = PBXBuildFile; fileRef = F13D328B22B5F7513F410559 /* libPods-EnglishToUkranian.a */; };
/* End PBXBuildFile section */

/* Begin PBXFileReference section */
		2734BE9FE81FC4750A135CE8 /* Pods-EnglishToUkranian.release.xcconfig */ = {isa = PBXFileReference; includeInIndex = 1; lastKnownFileType = text.xcconfig; name = "Pods-EnglishToUkranian.release.xcconfig"; path = "Target Support Files/Pods-EnglishToUkranian/Pods-EnglishToUkranian.release.xcconfig"; sourceTree = "<group>"; };
		4B78F2F4F6ADC5B9A4F656C1 /* Pods-EnglishToUkranian.debug.xcconfig */ = {isa = PBXFileReference; includeInIndex = 1; lastKnownFileType = text.xcconfig; name = "Pods-EnglishToUkranian.debug.xcconfig"; path = "Target Support Files/Pods-EnglishToUkranian/Pods-EnglishToUkranian.debug.xcconfig"; sourceTree = "<group>"; };
		74AA63D82B50754D007AEFA3 /* TranslatedWord.swift */ = {isa = PBXFileReference; lastKnownFileType = sourcecode.swift; path = TranslatedWord.swift; sourceTree = "<group>"; };
		74AA63DA2B50778B007AEFA3 /* DirectoryService.swift */ = {isa = PBXFileReference; lastKnownFileType = sourcecode.swift; path = DirectoryService.swift; sourceTree = "<group>"; };
		74AA63DC2B507797007AEFA3 /* Saving.swift */ = {isa = PBXFileReference; lastKnownFileType = sourcecode.swift; path = Saving.swift; sourceTree = "<group>"; };
		74CC55A12B5036760064501A /* EnglishToUkranian.app */ = {isa = PBXFileReference; explicitFileType = wrapper.application; includeInIndex = 0; path = EnglishToUkranian.app; sourceTree = BUILT_PRODUCTS_DIR; };
		74CC55A42B5036760064501A /* UkranianToEnglishApp.swift */ = {isa = PBXFileReference; lastKnownFileType = sourcecode.swift; path = UkranianToEnglishApp.swift; sourceTree = "<group>"; };
		74CC55A62B5036760064501A /* ContentView.swift */ = {isa = PBXFileReference; lastKnownFileType = sourcecode.swift; path = ContentView.swift; sourceTree = "<group>"; };
		74CC55A82B5036780064501A /* Assets.xcassets */ = {isa = PBXFileReference; lastKnownFileType = folder.assetcatalog; path = Assets.xcassets; sourceTree = "<group>"; };
		74CC55AB2B5036780064501A /* Preview Assets.xcassets */ = {isa = PBXFileReference; lastKnownFileType = folder.assetcatalog; path = "Preview Assets.xcassets"; sourceTree = "<group>"; };
		74CC55B22B5038B30064501A /* TranslationService.swift */ = {isa = PBXFileReference; lastKnownFileType = sourcecode.swift; path = TranslationService.swift; sourceTree = "<group>"; };
		74CC55B42B5041080064501A /* EnglishToUkranian-Info.plist */ = {isa = PBXFileReference; lastKnownFileType = text.plist; path = "EnglishToUkranian-Info.plist"; sourceTree = "<group>"; };
		F13D328B22B5F7513F410559 /* libPods-EnglishToUkranian.a */ = {isa = PBXFileReference; explicitFileType = archive.ar; includeInIndex = 0; path = "libPods-EnglishToUkranian.a"; sourceTree = BUILT_PRODUCTS_DIR; };
/* End PBXFileReference section */

/* Begin PBXFrameworksBuildPhase section */
		74CC559E2B5036760064501A /* Frameworks */ = {
			isa = PBXFrameworksBuildPhase;
			buildActionMask = 2147483647;
			files = (
				8CFA25C31843284CBAD18F1C /* libPods-EnglishToUkranian.a in Frameworks */,
			);
			runOnlyForDeploymentPostprocessing = 0;
		};
/* End PBXFrameworksBuildPhase section */

/* Begin PBXGroup section */
		74CC55982B5036760064501A = {
			isa = PBXGroup;
			children = (
				74CC55B42B5041080064501A /* EnglishToUkranian-Info.plist */,
				74CC55A32B5036760064501A /* EnglishToUkranian */,
				74CC55A22B5036760064501A /* Products */,
				8C24592282E44CE1CA002F29 /* Pods */,
				D7740D26AF3DBB06423BB438 /* Frameworks */,
			);
			sourceTree = "<group>";
		};
		74CC55A22B5036760064501A /* Products */ = {
			isa = PBXGroup;
			children = (
				74CC55A12B5036760064501A /* EnglishToUkranian.app */,
			);
			name = Products;
			sourceTree = "<group>";
		};
		74CC55A32B5036760064501A /* EnglishToUkranian */ = {
			isa = PBXGroup;
			children = (
				74CC55A42B5036760064501A /* UkranianToEnglishApp.swift */,
				74CC55A62B5036760064501A /* ContentView.swift */,
				74AA63DA2B50778B007AEFA3 /* DirectoryService.swift */,
				74AA63D82B50754D007AEFA3 /* TranslatedWord.swift */,
				74CC55B22B5038B30064501A /* TranslationService.swift */,
				74AA63DC2B507797007AEFA3 /* Saving.swift */,
				74CC55A82B5036780064501A /* Assets.xcassets */,
				74CC55AA2B5036780064501A /* Preview Content */,
			);
			path = EnglishToUkranian;
			sourceTree = "<group>";
		};
		74CC55AA2B5036780064501A /* Preview Content */ = {
			isa = PBXGroup;
			children = (
				74CC55AB2B5036780064501A /* Preview Assets.xcassets */,
			);
			path = "Preview Content";
			sourceTree = "<group>";
		};
		8C24592282E44CE1CA002F29 /* Pods */ = {
			isa = PBXGroup;
			children = (
				4B78F2F4F6ADC5B9A4F656C1 /* Pods-EnglishToUkranian.debug.xcconfig */,
				2734BE9FE81FC4750A135CE8 /* Pods-EnglishToUkranian.release.xcconfig */,
			);
			path = Pods;
			sourceTree = "<group>";
		};
		D7740D26AF3DBB06423BB438 /* Frameworks */ = {
			isa = PBXGroup;
			children = (
				F13D328B22B5F7513F410559 /* libPods-EnglishToUkranian.a */,
			);
			name = Frameworks;
			sourceTree = "<group>";
		};
/* End PBXGroup section */

/* Begin PBXNativeTarget section */
		74CC55A02B5036760064501A /* EnglishToUkranian */ = {
			isa = PBXNativeTarget;
			buildConfigurationList = 74CC55AF2B5036780064501A /* Build configuration list for PBXNativeTarget "EnglishToUkranian" */;
			buildPhases = (
				8F27B7469D86A74B8DE5E788 /* [CP] Check Pods Manifest.lock */,
				74CC559D2B5036760064501A /* Sources */,
				74CC559E2B5036760064501A /* Frameworks */,
				74CC559F2B5036760064501A /* Resources */,
				DC18F073538AD29D56413D2E /* [CP] Copy Pods Resources */,
			);
			buildRules = (
			);
			dependencies = (
			);
			name = EnglishToUkranian;
			productName = UkranianToEnglish;
			productReference = 74CC55A12B5036760064501A /* EnglishToUkranian.app */;
			productType = "com.apple.product-type.application";
		};
/* End PBXNativeTarget section */

/* Begin PBXProject section */
		74CC55992B5036760064501A /* Project object */ = {
			isa = PBXProject;
			attributes = {
				BuildIndependentTargetsInParallel = 1;
				LastSwiftUpdateCheck = 1500;
				LastUpgradeCheck = 1500;
				TargetAttributes = {
					74CC55A02B5036760064501A = {
						CreatedOnToolsVersion = 15.0.1;
					};
				};
			};
			buildConfigurationList = 74CC559C2B5036760064501A /* Build configuration list for PBXProject "EnglishToUkranian" */;
			compatibilityVersion = "Xcode 14.0";
			developmentRegion = en;
			hasScannedForEncodings = 0;
			knownRegions = (
				en,
				Base,
			);
			mainGroup = 74CC55982B5036760064501A;
			productRefGroup = 74CC55A22B5036760064501A /* Products */;
			projectDirPath = "";
			projectRoot = "";
			targets = (
				74CC55A02B5036760064501A /* EnglishToUkranian */,
			);
		};
/* End PBXProject section */

/* Begin PBXResourcesBuildPhase section */
		74CC559F2B5036760064501A /* Resources */ = {
			isa = PBXResourcesBuildPhase;
			buildActionMask = 2147483647;
			files = (
				74CC55AC2B5036780064501A /* Preview Assets.xcassets in Resources */,
				74CC55A92B5036780064501A /* Assets.xcassets in Resources */,
			);
			runOnlyForDeploymentPostprocessing = 0;
		};
/* End PBXResourcesBuildPhase section */

/* Begin PBXShellScriptBuildPhase section */
		8F27B7469D86A74B8DE5E788 /* [CP] Check Pods Manifest.lock */ = {
			isa = PBXShellScriptBuildPhase;
			buildActionMask = 2147483647;
			files = (
			);
			inputFileListPaths = (
			);
			inputPaths = (
				"${PODS_PODFILE_DIR_PATH}/Podfile.lock",
				"${PODS_ROOT}/Manifest.lock",
			);
			name = "[CP] Check Pods Manifest.lock";
			outputFileListPaths = (
			);
			outputPaths = (
				"$(DERIVED_FILE_DIR)/Pods-EnglishToUkranian-checkManifestLockResult.txt",
			);
			runOnlyForDeploymentPostprocessing = 0;
			shellPath = /bin/sh;
			shellScript = "diff \"${PODS_PODFILE_DIR_PATH}/Podfile.lock\" \"${PODS_ROOT}/Manifest.lock\" > /dev/null\nif [ $? != 0 ] ; then\n    # print error to STDERR\n    echo \"error: The sandbox is not in sync with the Podfile.lock. Run 'pod install' or update your CocoaPods installation.\" >&2\n    exit 1\nfi\n# This output is used by Xcode 'outputs' to avoid re-running this script phase.\necho \"SUCCESS\" > \"${SCRIPT_OUTPUT_FILE_0}\"\n";
			showEnvVarsInLog = 0;
		};
		DC18F073538AD29D56413D2E /* [CP] Copy Pods Resources */ = {
			isa = PBXShellScriptBuildPhase;
			buildActionMask = 2147483647;
			files = (
			);
			inputFileListPaths = (
				"${PODS_ROOT}/Target Support Files/Pods-EnglishToUkranian/Pods-EnglishToUkranian-resources-${CONFIGURATION}-input-files.xcfilelist",
			);
			name = "[CP] Copy Pods Resources";
			outputFileListPaths = (
				"${PODS_ROOT}/Target Support Files/Pods-EnglishToUkranian/Pods-EnglishToUkranian-resources-${CONFIGURATION}-output-files.xcfilelist",
			);
			runOnlyForDeploymentPostprocessing = 0;
			shellPath = /bin/sh;
			shellScript = "\"${PODS_ROOT}/Target Support Files/Pods-EnglishToUkranian/Pods-EnglishToUkranian-resources.sh\"\n";
			showEnvVarsInLog = 0;
		};
/* End PBXShellScriptBuildPhase section */

/* Begin PBXSourcesBuildPhase section */
		74CC559D2B5036760064501A /* Sources */ = {
			isa = PBXSourcesBuildPhase;
			buildActionMask = 2147483647;
			files = (
				74CC55A72B5036760064501A /* ContentView.swift in Sources */,
				74AA63D92B50754D007AEFA3 /* TranslatedWord.swift in Sources */,
				74CC55A52B5036760064501A /* UkranianToEnglishApp.swift in Sources */,
				74AA63DD2B507797007AEFA3 /* Saving.swift in Sources */,
				74AA63DB2B50778B007AEFA3 /* DirectoryService.swift in Sources */,
				74CC55B32B5038B30064501A /* TranslationService.swift in Sources */,
			);
			runOnlyForDeploymentPostprocessing = 0;
		};
/* End PBXSourcesBuildPhase section */

/* Begin XCBuildConfiguration section */
		74CC55AD2B5036780064501A /* Debug */ = {
			isa = XCBuildConfiguration;
			buildSettings = {
				ALWAYS_SEARCH_USER_PATHS = NO;
				ASSETCATALOG_COMPILER_GENERATE_SWIFT_ASSET_SYMBOL_EXTENSIONS = YES;
				CLANG_ANALYZER_NONNULL = YES;
				CLANG_ANALYZER_NUMBER_OBJECT_CONVERSION = YES_AGGRESSIVE;
				CLANG_CXX_LANGUAGE_STANDARD = "gnu++20";
				CLANG_ENABLE_MODULES = YES;
				CLANG_ENABLE_OBJC_ARC = YES;
				CLANG_ENABLE_OBJC_WEAK = YES;
				CLANG_WARN_BLOCK_CAPTURE_AUTORELEASING = YES;
				CLANG_WARN_BOOL_CONVERSION = YES;
				CLANG_WARN_COMMA = YES;
				CLANG_WARN_CONSTANT_CONVERSION = YES;
				CLANG_WARN_DEPRECATED_OBJC_IMPLEMENTATIONS = YES;
				CLANG_WARN_DIRECT_OBJC_ISA_USAGE = YES_ERROR;
				CLANG_WARN_DOCUMENTATION_COMMENTS = YES;
				CLANG_WARN_EMPTY_BODY = YES;
				CLANG_WARN_ENUM_CONVERSION = YES;
				CLANG_WARN_INFINITE_RECURSION = YES;
				CLANG_WARN_INT_CONVERSION = YES;
				CLANG_WARN_NON_LITERAL_NULL_CONVERSION = YES;
				CLANG_WARN_OBJC_IMPLICIT_RETAIN_SELF = YES;
				CLANG_WARN_OBJC_LITERAL_CONVERSION = YES;
				CLANG_WARN_OBJC_ROOT_CLASS = YES_ERROR;
				CLANG_WARN_QUOTED_INCLUDE_IN_FRAMEWORK_HEADER = YES;
				CLANG_WARN_RANGE_LOOP_ANALYSIS = YES;
				CLANG_WARN_STRICT_PROTOTYPES = YES;
				CLANG_WARN_SUSPICIOUS_MOVE = YES;
				CLANG_WARN_UNGUARDED_AVAILABILITY = YES_AGGRESSIVE;
				CLANG_WARN_UNREACHABLE_CODE = YES;
				CLANG_WARN__DUPLICATE_METHOD_MATCH = YES;
				COPY_PHASE_STRIP = NO;
				DEBUG_INFORMATION_FORMAT = dwarf;
				ENABLE_STRICT_OBJC_MSGSEND = YES;
				ENABLE_TESTABILITY = YES;
				ENABLE_USER_SCRIPT_SANDBOXING = NO;
				GCC_C_LANGUAGE_STANDARD = gnu17;
				GCC_DYNAMIC_NO_PIC = NO;
				GCC_NO_COMMON_BLOCKS = YES;
				GCC_OPTIMIZATION_LEVEL = 0;
				GCC_PREPROCESSOR_DEFINITIONS = (
					"DEBUG=1",
					"$(inherited)",
				);
				GCC_WARN_64_TO_32_BIT_CONVERSION = YES;
				GCC_WARN_ABOUT_RETURN_TYPE = YES_ERROR;
				GCC_WARN_UNDECLARED_SELECTOR = YES;
				GCC_WARN_UNINITIALIZED_AUTOS = YES_AGGRESSIVE;
				GCC_WARN_UNUSED_FUNCTION = YES;
				GCC_WARN_UNUSED_VARIABLE = YES;
				IPHONEOS_DEPLOYMENT_TARGET = 17.0;
				LOCALIZATION_PREFERS_STRING_CATALOGS = YES;
				MTL_ENABLE_DEBUG_INFO = INCLUDE_SOURCE;
				MTL_FAST_MATH = YES;
				ONLY_ACTIVE_ARCH = YES;
				SDKROOT = iphoneos;
				SWIFT_ACTIVE_COMPILATION_CONDITIONS = "DEBUG $(inherited)";
				SWIFT_OPTIMIZATION_LEVEL = "-Onone";
			};
			name = Debug;
		};
		74CC55AE2B5036780064501A /* Release */ = {
			isa = XCBuildConfiguration;
			buildSettings = {
				ALWAYS_SEARCH_USER_PATHS = NO;
				ASSETCATALOG_COMPILER_GENERATE_SWIFT_ASSET_SYMBOL_EXTENSIONS = YES;
				CLANG_ANALYZER_NONNULL = YES;
				CLANG_ANALYZER_NUMBER_OBJECT_CONVERSION = YES_AGGRESSIVE;
				CLANG_CXX_LANGUAGE_STANDARD = "gnu++20";
				CLANG_ENABLE_MODULES = YES;
				CLANG_ENABLE_OBJC_ARC = YES;
				CLANG_ENABLE_OBJC_WEAK = YES;
				CLANG_WARN_BLOCK_CAPTURE_AUTORELEASING = YES;
				CLANG_WARN_BOOL_CONVERSION = YES;
				CLANG_WARN_COMMA = YES;
				CLANG_WARN_CONSTANT_CONVERSION = YES;
				CLANG_WARN_DEPRECATED_OBJC_IMPLEMENTATIONS = YES;
				CLANG_WARN_DIRECT_OBJC_ISA_USAGE = YES_ERROR;
				CLANG_WARN_DOCUMENTATION_COMMENTS = YES;
				CLANG_WARN_EMPTY_BODY = YES;
				CLANG_WARN_ENUM_CONVERSION = YES;
				CLANG_WARN_INFINITE_RECURSION = YES;
				CLANG_WARN_INT_CONVERSION = YES;
				CLANG_WARN_NON_LITERAL_NULL_CONVERSION = YES;
				CLANG_WARN_OBJC_IMPLICIT_RETAIN_SELF = YES;
				CLANG_WARN_OBJC_LITERAL_CONVERSION = YES;
				CLANG_WARN_OBJC_ROOT_CLASS = YES_ERROR;
				CLANG_WARN_QUOTED_INCLUDE_IN_FRAMEWORK_HEADER = YES;
				CLANG_WARN_RANGE_LOOP_ANALYSIS = YES;
				CLANG_WARN_STRICT_PROTOTYPES = YES;
				CLANG_WARN_SUSPICIOUS_MOVE = YES;
				CLANG_WARN_UNGUARDED_AVAILABILITY = YES_AGGRESSIVE;
				CLANG_WARN_UNREACHABLE_CODE = YES;
				CLANG_WARN__DUPLICATE_METHOD_MATCH = YES;
				COPY_PHASE_STRIP = NO;
				DEBUG_INFORMATION_FORMAT = "dwarf-with-dsym";
				ENABLE_NS_ASSERTIONS = NO;
				ENABLE_STRICT_OBJC_MSGSEND = YES;
				ENABLE_USER_SCRIPT_SANDBOXING = NO;
				GCC_C_LANGUAGE_STANDARD = gnu17;
				GCC_NO_COMMON_BLOCKS = YES;
				GCC_WARN_64_TO_32_BIT_CONVERSION = YES;
				GCC_WARN_ABOUT_RETURN_TYPE = YES_ERROR;
				GCC_WARN_UNDECLARED_SELECTOR = YES;
				GCC_WARN_UNINITIALIZED_AUTOS = YES_AGGRESSIVE;
				GCC_WARN_UNUSED_FUNCTION = YES;
				GCC_WARN_UNUSED_VARIABLE = YES;
				IPHONEOS_DEPLOYMENT_TARGET = 17.0;
				LOCALIZATION_PREFERS_STRING_CATALOGS = YES;
				MTL_ENABLE_DEBUG_INFO = NO;
				MTL_FAST_MATH = YES;
				SDKROOT = iphoneos;
				SWIFT_COMPILATION_MODE = wholemodule;
				VALIDATE_PRODUCT = YES;
			};
			name = Release;
		};
		74CC55B02B5036780064501A /* Debug */ = {
			isa = XCBuildConfiguration;
			baseConfigurationReference = 4B78F2F4F6ADC5B9A4F656C1 /* Pods-EnglishToUkranian.debug.xcconfig */;
			buildSettings = {
				ASSETCATALOG_COMPILER_APPICON_NAME = AppIcon;
				ASSETCATALOG_COMPILER_GLOBAL_ACCENT_COLOR_NAME = AccentColor;
				CODE_SIGN_STYLE = Automatic;
				CURRENT_PROJECT_VERSION = 1;
				DEVELOPMENT_ASSET_PATHS = "\"EnglishToUkranian/Preview Content\"";
				DEVELOPMENT_TEAM = 3UR85MK9RT;
				ENABLE_PREVIEWS = YES;
				GENERATE_INFOPLIST_FILE = YES;
				INFOPLIST_FILE = "EnglishToUkranian-Info.plist";
				INFOPLIST_KEY_UIApplicationSceneManifest_Generation = YES;
				INFOPLIST_KEY_UIApplicationSupportsIndirectInputEvents = YES;
				INFOPLIST_KEY_UILaunchScreen_Generation = YES;
				INFOPLIST_KEY_UISupportedInterfaceOrientations_iPad = "UIInterfaceOrientationPortrait UIInterfaceOrientationPortraitUpsideDown UIInterfaceOrientationLandscapeLeft UIInterfaceOrientationLandscapeRight";
				INFOPLIST_KEY_UISupportedInterfaceOrientations_iPhone = "UIInterfaceOrientationPortrait UIInterfaceOrientationLandscapeLeft UIInterfaceOrientationLandscapeRight";
				LD_RUNPATH_SEARCH_PATHS = (
					"$(inherited)",
					"@executable_path/Frameworks",
				);
				MARKETING_VERSION = 1.0;
				OTHER_LDFLAGS = (
					"$(inherited)",
					"-ObjC",
					"-l\"GTMSessionFetcher\"",
					"-l\"GoogleDataTransport\"",
					"-l\"GoogleToolboxForMac\"",
					"-l\"GoogleUtilities\"",
					"-l\"GoogleUtilitiesComponents\"",
					"-l\"PromisesObjC\"",
					"-l\"Protobuf\"",
					"-l\"SSZipArchive\"",
					"-l\"c++\"",
					"-l\"iconv\"",
					"-l\"nanopb\"",
					"-l\"sqlite3\"",
					"-l\"z\"",
					"-framework",
					"\"CoreTelephony\"",
					"-framework",
					"\"Foundation\"",
					"-framework",
					"\"LocalAuthentication\"",
					"-framework",
					"\"MLKitCommon\"",
					"-framework",
					"\"MLKitNaturalLanguage\"",
					"-framework",
					"\"MLKitTranslate\"",
					"-framework",
					"\"Security\"",
					"-framework",
					"\"SystemConfiguration\"",
				);
				PRODUCT_BUNDLE_IDENTIFIER = com.CoryTripathy.UkranianToEnglish;
				PRODUCT_NAME = "$(TARGET_NAME)";
				SWIFT_EMIT_LOC_STRINGS = YES;
				SWIFT_VERSION = 5.0;
				TARGETED_DEVICE_FAMILY = "1,2";
			};
			name = Debug;
		};
		74CC55B12B5036780064501A /* Release */ = {
			isa = XCBuildConfiguration;
			baseConfigurationReference = 2734BE9FE81FC4750A135CE8 /* Pods-EnglishToUkranian.release.xcconfig */;
			buildSettings = {
				ASSETCATALOG_COMPILER_APPICON_NAME = AppIcon;
				ASSETCATALOG_COMPILER_GLOBAL_ACCENT_COLOR_NAME = AccentColor;
				CODE_SIGN_STYLE = Automatic;
				CURRENT_PROJECT_VERSION = 1;
				DEVELOPMENT_ASSET_PATHS = "\"EnglishToUkranian/Preview Content\"";
				DEVELOPMENT_TEAM = 3UR85MK9RT;
				ENABLE_PREVIEWS = YES;
				GENERATE_INFOPLIST_FILE = YES;
				INFOPLIST_FILE = "EnglishToUkranian-Info.plist";
				INFOPLIST_KEY_UIApplicationSceneManifest_Generation = YES;
				INFOPLIST_KEY_UIApplicationSupportsIndirectInputEvents = YES;
				INFOPLIST_KEY_UILaunchScreen_Generation = YES;
				INFOPLIST_KEY_UISupportedInterfaceOrientations_iPad = "UIInterfaceOrientationPortrait UIInterfaceOrientationPortraitUpsideDown UIInterfaceOrientationLandscapeLeft UIInterfaceOrientationLandscapeRight";
				INFOPLIST_KEY_UISupportedInterfaceOrientations_iPhone = "UIInterfaceOrientationPortrait UIInterfaceOrientationLandscapeLeft UIInterfaceOrientationLandscapeRight";
				LD_RUNPATH_SEARCH_PATHS = (
					"$(inherited)",
					"@executable_path/Frameworks",
				);
				MARKETING_VERSION = 1.0;
				OTHER_LDFLAGS = (
					"$(inherited)",
					"-ObjC",
					"-l\"GTMSessionFetcher\"",
					"-l\"GoogleDataTransport\"",
					"-l\"GoogleToolboxForMac\"",
					"-l\"GoogleUtilities\"",
					"-l\"GoogleUtilitiesComponents\"",
					"-l\"PromisesObjC\"",
					"-l\"Protobuf\"",
					"-l\"SSZipArchive\"",
					"-l\"c++\"",
					"-l\"iconv\"",
					"-l\"nanopb\"",
					"-l\"sqlite3\"",
					"-l\"z\"",
					"-framework",
					"\"CoreTelephony\"",
					"-framework",
					"\"Foundation\"",
					"-framework",
					"\"LocalAuthentication\"",
					"-framework",
					"\"MLKitCommon\"",
					"-framework",
					"\"MLKitNaturalLanguage\"",
					"-framework",
					"\"MLKitTranslate\"",
					"-framework",
					"\"Security\"",
					"-framework",
					"\"SystemConfiguration\"",
				);
				PRODUCT_BUNDLE_IDENTIFIER = com.CoryTripathy.UkranianToEnglish;
				PRODUCT_NAME = "$(TARGET_NAME)";
				SWIFT_EMIT_LOC_STRINGS = YES;
				SWIFT_VERSION = 5.0;
				TARGETED_DEVICE_FAMILY = "1,2";
			};
			name = Release;
		};
/* End XCBuildConfiguration section */

/* Begin XCConfigurationList section */
		74CC559C2B5036760064501A /* Build configuration list for PBXProject "EnglishToUkranian" */ = {
			isa = XCConfigurationList;
			buildConfigurations = (
				74CC55AD2B5036780064501A /* Debug */,
				74CC55AE2B5036780064501A /* Release */,
			);
			defaultConfigurationIsVisible = 0;
			defaultConfigurationName = Release;
		};
		74CC55AF2B5036780064501A /* Build configuration list for PBXNativeTarget "EnglishToUkranian" */ = {
			isa = XCConfigurationList;
			buildConfigurations = (
				74CC55B02B5036780064501A /* Debug */,
				74CC55B12B5036780064501A /* Release */,
			);
			defaultConfigurationIsVisible = 0;
			defaultConfigurationName = Release;
		};
/* End XCConfigurationList section */
	};
	rootObject = 74CC55992B5036760064501A /* Project object */;
}
